
Microsoft Visual Studio Solution File, Format Version 12.00
# Visual Studio Version 17
VisualStudioVersion = 17.11.35222.181
MinimumVisualStudioVersion = 10.0.40219.1
Project("{FAE04EC0-301F-11D3-BF4B-00C04F79EFBC}") = "Week1FirstApp", "Week1FirstApp\Week1FirstApp.csproj", "{FCA533FB-D67F-4E50-BC2C-A9E07E26B73A}"
EndProject
Global
	GlobalSection(SolutionConfigurationPlatforms) = preSolution
		Debug|Any CPU = Debug|Any CPU
		Release|Any CPU = Release|Any CPU
	EndGlobalSection
	GlobalSection(ProjectConfigurationPlatforms) = postSolution
		{FCA533FB-D67F-4E50-BC2C-A9E07E26B73A}.Debug|Any CPU.ActiveCfg = Debug|Any CPU
		{FCA533FB-D67F-4E50-BC2C-A9E07E26B73A}.Debug|Any CPU.Build.0 = Debug|Any CPU
		{FCA533FB-D67F-4E50-BC2C-A9E07E26B73A}.Release|Any CPU.ActiveCfg = Release|Any CPU
		{FCA533FB-D67F-4E50-BC2C-A9E07E26B73A}.Release|Any CPU.Build.0 = Release|Any CPU
	EndGlobalSection
	GlobalSection(SolutionProperties) = preSolution
		HideSolutionNode = FALSE
	EndGlobalSection
	GlobalSection(ExtensibilityGlobals) = postSolution
		SolutionGuid = {CFABBEB0-B24B-406A-B00C-EAE062AF58A7}
	EndGlobalSection
EndGlobal
